
Microsoft Visual Studio Solution File, Format Version 12.00
# Visual Studio 2015
Project("{FAE04EC0-301F-11D3-BF4B-00C04F79EFBC}") = "Blue-Star.CSharp", "Blue-Star.CSharp.csproj", "{33230711-0F6B-33CE-8DD8-C8A80E56EE0D}"
EndProject
Project("{FAE04EC0-301F-11D3-BF4B-00C04F79EFBC}") = "Blue-Star.CSharp.Editor", "Blue-Star.CSharp.Editor.csproj", "{5D130B14-2636-338D-7342-288C7A817B20}"
EndProject
Global
	GlobalSection(SolutionConfigurationPlatforms) = preSolution
		Debug|Any CPU = Debug|Any CPU
		Release|Any CPU = Release|Any CPU
	EndGlobalSection
	GlobalSection(ProjectConfigurationPlatforms) = postSolution
		{33230711-0F6B-33CE-8DD8-C8A80E56EE0D}.Debug|Any CPU.ActiveCfg = Debug|Any CPU
		{33230711-0F6B-33CE-8DD8-C8A80E56EE0D}.Debug|Any CPU.Build.0 = Debug|Any CPU
		{33230711-0F6B-33CE-8DD8-C8A80E56EE0D}.Release|Any CPU.ActiveCfg = Release|Any CPU
		{33230711-0F6B-33CE-8DD8-C8A80E56EE0D}.Release|Any CPU.Build.0 = Release|Any CPU
		{5D130B14-2636-338D-7342-288C7A817B20}.Debug|Any CPU.ActiveCfg = Debug|Any CPU
		{5D130B14-2636-338D-7342-288C7A817B20}.Debug|Any CPU.Build.0 = Debug|Any CPU
		{5D130B14-2636-338D-7342-288C7A817B20}.Release|Any CPU.ActiveCfg = Release|Any CPU
		{5D130B14-2636-338D-7342-288C7A817B20}.Release|Any CPU.Build.0 = Release|Any CPU
	EndGlobalSection
	GlobalSection(SolutionProperties) = preSolution
		HideSolutionNode = FALSE
	EndGlobalSection
EndGlobal
