
Microsoft Visual Studio Solution File, Format Version 12.00
# Visual Studio 2015
Project("{FAE04EC0-301F-11D3-BF4B-00C04F79EFBC}") = "The-Second-Law.CSharp.Plugins", "The-Second-Law.CSharp.Plugins.csproj", "{19667977-798D-4688-CC64-034F54A303CE}"
EndProject
Project("{FAE04EC0-301F-11D3-BF4B-00C04F79EFBC}") = "The-Second-Law.CSharp", "The-Second-Law.CSharp.csproj", "{086EB705-F62C-1038-EB15-14C40046D03A}"
EndProject
Project("{FAE04EC0-301F-11D3-BF4B-00C04F79EFBC}") = "The-Second-Law.CSharp.Editor", "The-Second-Law.CSharp.Editor.csproj", "{D9B64FAF-8CDE-3CE0-4FE1-CB1BB9DCA320}"
EndProject
Global
	GlobalSection(SolutionConfigurationPlatforms) = preSolution
		Debug|Any CPU = Debug|Any CPU
		Release|Any CPU = Release|Any CPU
	EndGlobalSection
	GlobalSection(ProjectConfigurationPlatforms) = postSolution
		{19667977-798D-4688-CC64-034F54A303CE}.Debug|Any CPU.ActiveCfg = Debug|Any CPU
		{19667977-798D-4688-CC64-034F54A303CE}.Debug|Any CPU.Build.0 = Debug|Any CPU
		{19667977-798D-4688-CC64-034F54A303CE}.Release|Any CPU.ActiveCfg = Release|Any CPU
		{19667977-798D-4688-CC64-034F54A303CE}.Release|Any CPU.Build.0 = Release|Any CPU
		{086EB705-F62C-1038-EB15-14C40046D03A}.Debug|Any CPU.ActiveCfg = Debug|Any CPU
		{086EB705-F62C-1038-EB15-14C40046D03A}.Debug|Any CPU.Build.0 = Debug|Any CPU
		{086EB705-F62C-1038-EB15-14C40046D03A}.Release|Any CPU.ActiveCfg = Release|Any CPU
		{086EB705-F62C-1038-EB15-14C40046D03A}.Release|Any CPU.Build.0 = Release|Any CPU
		{D9B64FAF-8CDE-3CE0-4FE1-CB1BB9DCA320}.Debug|Any CPU.ActiveCfg = Debug|Any CPU
		{D9B64FAF-8CDE-3CE0-4FE1-CB1BB9DCA320}.Debug|Any CPU.Build.0 = Debug|Any CPU
		{D9B64FAF-8CDE-3CE0-4FE1-CB1BB9DCA320}.Release|Any CPU.ActiveCfg = Release|Any CPU
		{D9B64FAF-8CDE-3CE0-4FE1-CB1BB9DCA320}.Release|Any CPU.Build.0 = Release|Any CPU
	EndGlobalSection
	GlobalSection(SolutionProperties) = preSolution
		HideSolutionNode = FALSE
	EndGlobalSection
EndGlobal
