Microsoft Visual Studio Solution File, Format Version 11.00
# Visual Studio 2008

Project("{9F8D2124-2AA8-2292-501A-5F51D8D5C678}") = "The-Second-Law", "Assembly-CSharp-firstpass.csproj", "{FBB6B9E0-9606-5C4C-6DAF-54DDE2D0933D}"
EndProject
Project("{9F8D2124-2AA8-2292-501A-5F51D8D5C678}") = "The-Second-Law", "Assembly-CSharp.csproj", "{B59D199E-5983-8B25-CB91-0517592AE114}"
EndProject
Project("{9F8D2124-2AA8-2292-501A-5F51D8D5C678}") = "The-Second-Law", "Assembly-CSharp-Editor.csproj", "{B9F0C337-91B2-7AA8-655D-C7658C30C55E}"
EndProject
Global
	GlobalSection(SolutionConfigurationPlatforms) = preSolution
		Debug|Any CPU = Debug|Any CPU
		Release|Any CPU = Release|Any CPU
	EndGlobalSection
	GlobalSection(ProjectConfigurationPlatforms) = postSolution
		{FBB6B9E0-9606-5C4C-6DAF-54DDE2D0933D}.Debug|Any CPU.ActiveCfg = Debug|Any CPU
		{FBB6B9E0-9606-5C4C-6DAF-54DDE2D0933D}.Debug|Any CPU.Build.0 = Debug|Any CPU
		{FBB6B9E0-9606-5C4C-6DAF-54DDE2D0933D}.Release|Any CPU.ActiveCfg = Release|Any CPU
		{FBB6B9E0-9606-5C4C-6DAF-54DDE2D0933D}.Release|Any CPU.Build.0 = Release|Any CPU
		{B59D199E-5983-8B25-CB91-0517592AE114}.Debug|Any CPU.ActiveCfg = Debug|Any CPU
		{B59D199E-5983-8B25-CB91-0517592AE114}.Debug|Any CPU.Build.0 = Debug|Any CPU
		{B59D199E-5983-8B25-CB91-0517592AE114}.Release|Any CPU.ActiveCfg = Release|Any CPU
		{B59D199E-5983-8B25-CB91-0517592AE114}.Release|Any CPU.Build.0 = Release|Any CPU
		{B9F0C337-91B2-7AA8-655D-C7658C30C55E}.Debug|Any CPU.ActiveCfg = Debug|Any CPU
		{B9F0C337-91B2-7AA8-655D-C7658C30C55E}.Debug|Any CPU.Build.0 = Debug|Any CPU
		{B9F0C337-91B2-7AA8-655D-C7658C30C55E}.Release|Any CPU.ActiveCfg = Release|Any CPU
		{B9F0C337-91B2-7AA8-655D-C7658C30C55E}.Release|Any CPU.Build.0 = Release|Any CPU
	EndGlobalSection
	GlobalSection(SolutionProperties) = preSolution
		HideSolutionNode = FALSE
	EndGlobalSection
																																																																																																																																																																																																																																																																																																																																																																																																										GlobalSection(MonoDevelopProperties) = preSolution
		StartupItem = Assembly-CSharp.csproj
		Policies = $0
		$0.TextStylePolicy = $1
		$1.inheritsSet = null
		$1.scope = text/x-csharp
		$0.CSharpFormattingPolicy = $2
		$2.inheritsSet = Mono
		$2.inheritsScope = text/x-csharp
		$2.scope = text/x-csharp
		$0.TextStylePolicy = $3
		$3.FileWidth = 120
		$3.TabsToSpaces = False
		$3.EolMarker = Unix
		$3.inheritsSet = VisualStudio
		$3.inheritsScope = text/plain
		$3.scope = text/plain
	EndGlobalSection

EndGlobal
