
Microsoft Visual Studio Solution File, Format Version 12.00
# Visual Studio 2015
Project("{FAE04EC0-301F-11D3-BF4B-00C04F79EFBC}") = "UnderABlueStar.CSharp.Plugins", "UnderABlueStar.CSharp.Plugins.csproj", "{951C4D33-AB28-1767-7B06-0CF3FD339B9E}"
EndProject
Project("{FAE04EC0-301F-11D3-BF4B-00C04F79EFBC}") = "UnderABlueStar.CSharp", "UnderABlueStar.CSharp.csproj", "{EDF1611F-A9BB-10A4-E719-D37F97962B74}"
EndProject
Project("{FAE04EC0-301F-11D3-BF4B-00C04F79EFBC}") = "UnderABlueStar.CSharp.Editor", "UnderABlueStar.CSharp.Editor.csproj", "{85A816E7-A837-3E58-8331-CDF171CD7A68}"
EndProject
Global
	GlobalSection(SolutionConfigurationPlatforms) = preSolution
		Debug|Any CPU = Debug|Any CPU
		Release|Any CPU = Release|Any CPU
	EndGlobalSection
	GlobalSection(ProjectConfigurationPlatforms) = postSolution
		{951C4D33-AB28-1767-7B06-0CF3FD339B9E}.Debug|Any CPU.ActiveCfg = Debug|Any CPU
		{951C4D33-AB28-1767-7B06-0CF3FD339B9E}.Debug|Any CPU.Build.0 = Debug|Any CPU
		{951C4D33-AB28-1767-7B06-0CF3FD339B9E}.Release|Any CPU.ActiveCfg = Release|Any CPU
		{951C4D33-AB28-1767-7B06-0CF3FD339B9E}.Release|Any CPU.Build.0 = Release|Any CPU
		{EDF1611F-A9BB-10A4-E719-D37F97962B74}.Debug|Any CPU.ActiveCfg = Debug|Any CPU
		{EDF1611F-A9BB-10A4-E719-D37F97962B74}.Debug|Any CPU.Build.0 = Debug|Any CPU
		{EDF1611F-A9BB-10A4-E719-D37F97962B74}.Release|Any CPU.ActiveCfg = Release|Any CPU
		{EDF1611F-A9BB-10A4-E719-D37F97962B74}.Release|Any CPU.Build.0 = Release|Any CPU
		{85A816E7-A837-3E58-8331-CDF171CD7A68}.Debug|Any CPU.ActiveCfg = Debug|Any CPU
		{85A816E7-A837-3E58-8331-CDF171CD7A68}.Debug|Any CPU.Build.0 = Debug|Any CPU
		{85A816E7-A837-3E58-8331-CDF171CD7A68}.Release|Any CPU.ActiveCfg = Release|Any CPU
		{85A816E7-A837-3E58-8331-CDF171CD7A68}.Release|Any CPU.Build.0 = Release|Any CPU
	EndGlobalSection
	GlobalSection(SolutionProperties) = preSolution
		HideSolutionNode = FALSE
	EndGlobalSection
EndGlobal
